
Microsoft Visual Studio Solution File, Format Version 12.00
# Visual Studio 15
VisualStudioVersion = 15.0.27428.2015
MinimumVisualStudioVersion = 10.0.40219.1
Project("{FAE04EC0-301F-11D3-BF4B-00C04F79EFBC}") = "Three-Layered Website Plus", "Three-Layered Website Plus\Three-Layered Website Plus.csproj", "{6BFAF9F8-8A45-42F0-A92D-EA6C45C5777D}"
EndProject
Project("{FAE04EC0-301F-11D3-BF4B-00C04F79EFBC}") = "Three-Layered Website Plus VSIX", "Three-Layered Website Plus VSIX\Three-Layered Website Plus VSIX.csproj", "{4DDF28AA-15E7-44E3-81FD-25C269547C2C}"
EndProject
Project("{FAE04EC0-301F-11D3-BF4B-00C04F79EFBC}") = "Three-Layered Website Plus Wizards", "Three-Layered Website Plus Wizards\Three-Layered Website Plus Wizards.csproj", "{06FCDF9F-6C53-4AE1-B790-B7800EC4C48A}"
EndProject
Global
	GlobalSection(SolutionConfigurationPlatforms) = preSolution
		Debug|Any CPU = Debug|Any CPU
		Release|Any CPU = Release|Any CPU
	EndGlobalSection
	GlobalSection(ProjectConfigurationPlatforms) = postSolution
		{6BFAF9F8-8A45-42F0-A92D-EA6C45C5777D}.Debug|Any CPU.ActiveCfg = Debug|Any CPU
		{6BFAF9F8-8A45-42F0-A92D-EA6C45C5777D}.Debug|Any CPU.Build.0 = Debug|Any CPU
		{6BFAF9F8-8A45-42F0-A92D-EA6C45C5777D}.Release|Any CPU.ActiveCfg = Release|Any CPU
		{6BFAF9F8-8A45-42F0-A92D-EA6C45C5777D}.Release|Any CPU.Build.0 = Release|Any CPU
		{4DDF28AA-15E7-44E3-81FD-25C269547C2C}.Debug|Any CPU.ActiveCfg = Debug|Any CPU
		{4DDF28AA-15E7-44E3-81FD-25C269547C2C}.Debug|Any CPU.Build.0 = Debug|Any CPU
		{4DDF28AA-15E7-44E3-81FD-25C269547C2C}.Release|Any CPU.ActiveCfg = Release|Any CPU
		{4DDF28AA-15E7-44E3-81FD-25C269547C2C}.Release|Any CPU.Build.0 = Release|Any CPU
		{06FCDF9F-6C53-4AE1-B790-B7800EC4C48A}.Debug|Any CPU.ActiveCfg = Debug|Any CPU
		{06FCDF9F-6C53-4AE1-B790-B7800EC4C48A}.Debug|Any CPU.Build.0 = Debug|Any CPU
		{06FCDF9F-6C53-4AE1-B790-B7800EC4C48A}.Release|Any CPU.ActiveCfg = Release|Any CPU
		{06FCDF9F-6C53-4AE1-B790-B7800EC4C48A}.Release|Any CPU.Build.0 = Release|Any CPU
	EndGlobalSection
	GlobalSection(SolutionProperties) = preSolution
		HideSolutionNode = FALSE
	EndGlobalSection
	GlobalSection(ExtensibilityGlobals) = postSolution
		SolutionGuid = {E4016010-7CD8-4AC4-B6BD-65C8F6FA1FE0}
	EndGlobalSection
EndGlobal
